
Microsoft Visual Studio Solution File, Format Version 12.00
# Visual Studio 2012
Project("{FAE04EC0-301F-11D3-BF4B-00C04F79EFBC}") = "My project192003-", "My project192003\My project192003-.csproj", "{922D29BC-8AFC-4047-884F-9B5DC689C19E}"
EndProject
Global
	GlobalSection(SolutionConfigurationPlatforms) = preSolution
		Debug|Any CPU = Debug|Any CPU
		Release|Any CPU = Release|Any CPU
	EndGlobalSection
	GlobalSection(ProjectConfigurationPlatforms) = postSolution
		{922D29BC-8AFC-4047-884F-9B5DC689C19E}.Debug|Any CPU.ActiveCfg = Debug|Any CPU
		{922D29BC-8AFC-4047-884F-9B5DC689C19E}.Debug|Any CPU.Build.0 = Debug|Any CPU
		{922D29BC-8AFC-4047-884F-9B5DC689C19E}.Release|Any CPU.ActiveCfg = Release|Any CPU
		{922D29BC-8AFC-4047-884F-9B5DC689C19E}.Release|Any CPU.Build.0 = Release|Any CPU
	EndGlobalSection
	GlobalSection(SolutionProperties) = preSolution
		HideSolutionNode = FALSE
	EndGlobalSection
EndGlobal
